
Microsoft Visual Studio Solution File, Format Version 12.00
# Visual Studio Version 17
VisualStudioVersion = 17.5.33502.453
MinimumVisualStudioVersion = 10.0.40219.1
Project("{FAE04EC0-301F-11D3-BF4B-00C04F79EFBC}") = "Backend", "Backend\Backend.csproj", "{000EA195-53EB-4CD2-9817-73DD6C47AEC0}"
EndProject
Global
	GlobalSection(SolutionConfigurationPlatforms) = preSolution
		Debug|Any CPU = Debug|Any CPU
		Release|Any CPU = Release|Any CPU
	EndGlobalSection
	GlobalSection(ProjectConfigurationPlatforms) = postSolution
		{000EA195-53EB-4CD2-9817-73DD6C47AEC0}.Debug|Any CPU.ActiveCfg = Debug|Any CPU
		{000EA195-53EB-4CD2-9817-73DD6C47AEC0}.Debug|Any CPU.Build.0 = Debug|Any CPU
		{000EA195-53EB-4CD2-9817-73DD6C47AEC0}.Release|Any CPU.ActiveCfg = Release|Any CPU
		{000EA195-53EB-4CD2-9817-73DD6C47AEC0}.Release|Any CPU.Build.0 = Release|Any CPU
	EndGlobalSection
	GlobalSection(SolutionProperties) = preSolution
		HideSolutionNode = FALSE
	EndGlobalSection
	GlobalSection(ExtensibilityGlobals) = postSolution
		SolutionGuid = {AD90B642-FBFE-4A6C-A51C-AC1C31DF7403}
	EndGlobalSection
EndGlobal
